// !$*UTF8*$!
{
	archiveVersion = 1;
	classes = {
	};
	objectVersion = 51;
	objects = {

/* Begin PBXBuildFile section */
		407787212A31BC2E66927971 /* libPods-WeatherGift.a in Frameworks */ = {isa = PBXBuildFile; fileRef = 7890072C00980D1D95167F30 /* libPods-WeatherGift.a */; };
		822DD83B244D512C009D33D9 /* UIViewController+alert.swift in Sources */ = {isa = PBXBuildFile; fileRef = 822DD83A244D512C009D33D9 /* UIViewController+alert.swift */; };
		82549C7D2414C85E00374BDE /* AppDelegate.swift in Sources */ = {isa = PBXBuildFile; fileRef = 82549C7C2414C85E00374BDE /* AppDelegate.swift */; };
		82549C7F2414C85E00374BDE /* SceneDelegate.swift in Sources */ = {isa = PBXBuildFile; fileRef = 82549C7E2414C85E00374BDE /* SceneDelegate.swift */; };
		82549C812414C85E00374BDE /* LocationListViewController.swift in Sources */ = {isa = PBXBuildFile; fileRef = 82549C802414C85E00374BDE /* LocationListViewController.swift */; };
		82549C842414C85E00374BDE /* Main.storyboard in Resources */ = {isa = PBXBuildFile; fileRef = 82549C822414C85E00374BDE /* Main.storyboard */; };
		82549C862414C86000374BDE /* Assets.xcassets in Resources */ = {isa = PBXBuildFile; fileRef = 82549C852414C86000374BDE /* Assets.xcassets */; };
		82549C892414C86000374BDE /* LaunchScreen.storyboard in Resources */ = {isa = PBXBuildFile; fileRef = 82549C872414C86000374BDE /* LaunchScreen.storyboard */; };
		82549C912414C8A400374BDE /* WeatherLocation.swift in Sources */ = {isa = PBXBuildFile; fileRef = 82549C902414C8A400374BDE /* WeatherLocation.swift */; };
		82563C74244D5F940059CC86 /* AboutViewController.swift in Sources */ = {isa = PBXBuildFile; fileRef = 82563C73244D5F940059CC86 /* AboutViewController.swift */; };
		82A2E8BD24238E630050811A /* APIkeys.swift in Sources */ = {isa = PBXBuildFile; fileRef = 82A2E8BC24238E630050811A /* APIkeys.swift */; };
		82DA8D33242CE9E400C3F261 /* DailyTableViewCell.swift in Sources */ = {isa = PBXBuildFile; fileRef = 82DA8D32242CE9E400C3F261 /* DailyTableViewCell.swift */; };
		82DA8D35242DCBC700C3F261 /* HourlyCollectionViewCell.swift in Sources */ = {isa = PBXBuildFile; fileRef = 82DA8D34242DCBC700C3F261 /* HourlyCollectionViewCell.swift */; };
		82EB3D6E242761840096E078 /* LocationDetailViewController.swift in Sources */ = {isa = PBXBuildFile; fileRef = 82EB3D6D242761840096E078 /* LocationDetailViewController.swift */; };
		82EB3D7024279B790096E078 /* PageViewController.swift in Sources */ = {isa = PBXBuildFile; fileRef = 82EB3D6F24279B790096E078 /* PageViewController.swift */; };
		82EB3D7224287FDE0096E078 /* WeatherDetail.swift in Sources */ = {isa = PBXBuildFile; fileRef = 82EB3D7124287FDE0096E078 /* WeatherDetail.swift */; };
/* End PBXBuildFile section */

/* Begin PBXFileReference section */
		2DC30DF7936C005F0B8B0FDE /* Pods-WeatherGift.debug.xcconfig */ = {isa = PBXFileReference; includeInIndex = 1; lastKnownFileType = text.xcconfig; name = "Pods-WeatherGift.debug.xcconfig"; path = "Target Support Files/Pods-WeatherGift/Pods-WeatherGift.debug.xcconfig"; sourceTree = "<group>"; };
		7890072C00980D1D95167F30 /* libPods-WeatherGift.a */ = {isa = PBXFileReference; explicitFileType = archive.ar; includeInIndex = 0; path = "libPods-WeatherGift.a"; sourceTree = BUILT_PRODUCTS_DIR; };
		822DD83A244D512C009D33D9 /* UIViewController+alert.swift */ = {isa = PBXFileReference; fileEncoding = 4; lastKnownFileType = sourcecode.swift; path = "UIViewController+alert.swift"; sourceTree = "<group>"; };
		82549C792414C85E00374BDE /* WeatherGift.app */ = {isa = PBXFileReference; explicitFileType = wrapper.application; includeInIndex = 0; path = WeatherGift.app; sourceTree = BUILT_PRODUCTS_DIR; };
		82549C7C2414C85E00374BDE /* AppDelegate.swift */ = {isa = PBXFileReference; lastKnownFileType = sourcecode.swift; path = AppDelegate.swift; sourceTree = "<group>"; };
		82549C7E2414C85E00374BDE /* SceneDelegate.swift */ = {isa = PBXFileReference; lastKnownFileType = sourcecode.swift; path = SceneDelegate.swift; sourceTree = "<group>"; };
		82549C802414C85E00374BDE /* LocationListViewController.swift */ = {isa = PBXFileReference; lastKnownFileType = sourcecode.swift; path = LocationListViewController.swift; sourceTree = "<group>"; };
		82549C832414C85E00374BDE /* Base */ = {isa = PBXFileReference; lastKnownFileType = file.storyboard; name = Base; path = Base.lproj/Main.storyboard; sourceTree = "<group>"; };
		82549C852414C86000374BDE /* Assets.xcassets */ = {isa = PBXFileReference; lastKnownFileType = folder.assetcatalog; path = Assets.xcassets; sourceTree = "<group>"; };
		82549C882414C86000374BDE /* Base */ = {isa = PBXFileReference; lastKnownFileType = file.storyboard; name = Base; path = Base.lproj/LaunchScreen.storyboard; sourceTree = "<group>"; };
		82549C8A2414C86000374BDE /* Info.plist */ = {isa = PBXFileReference; lastKnownFileType = text.plist.xml; path = Info.plist; sourceTree = "<group>"; };
		82549C902414C8A400374BDE /* WeatherLocation.swift */ = {isa = PBXFileReference; lastKnownFileType = sourcecode.swift; path = WeatherLocation.swift; sourceTree = "<group>"; };
		82563C73244D5F940059CC86 /* AboutViewController.swift */ = {isa = PBXFileReference; lastKnownFileType = sourcecode.swift; path = AboutViewController.swift; sourceTree = "<group>"; };
		82A2E8BC24238E630050811A /* APIkeys.swift */ = {isa = PBXFileReference; lastKnownFileType = sourcecode.swift; path = APIkeys.swift; sourceTree = "<group>"; };
		82DA8D32242CE9E400C3F261 /* DailyTableViewCell.swift */ = {isa = PBXFileReference; lastKnownFileType = sourcecode.swift; path = DailyTableViewCell.swift; sourceTree = "<group>"; };
		82DA8D34242DCBC700C3F261 /* HourlyCollectionViewCell.swift */ = {isa = PBXFileReference; lastKnownFileType = sourcecode.swift; path = HourlyCollectionViewCell.swift; sourceTree = "<group>"; };
		82EB3D6D242761840096E078 /* LocationDetailViewController.swift */ = {isa = PBXFileReference; lastKnownFileType = sourcecode.swift; path = LocationDetailViewController.swift; sourceTree = "<group>"; };
		82EB3D6F24279B790096E078 /* PageViewController.swift */ = {isa = PBXFileReference; lastKnownFileType = sourcecode.swift; path = PageViewController.swift; sourceTree = "<group>"; };
		82EB3D7124287FDE0096E078 /* WeatherDetail.swift */ = {isa = PBXFileReference; lastKnownFileType = sourcecode.swift; path = WeatherDetail.swift; sourceTree = "<group>"; };
		F5BCE6047FE4B5E6C16E2411 /* Pods-WeatherGift.release.xcconfig */ = {isa = PBXFileReference; includeInIndex = 1; lastKnownFileType = text.xcconfig; name = "Pods-WeatherGift.release.xcconfig"; path = "Target Support Files/Pods-WeatherGift/Pods-WeatherGift.release.xcconfig"; sourceTree = "<group>"; };
/* End PBXFileReference section */

/* Begin PBXFrameworksBuildPhase section */
		82549C762414C85E00374BDE /* Frameworks */ = {
			isa = PBXFrameworksBuildPhase;
			buildActionMask = 2147483647;
			files = (
				407787212A31BC2E66927971 /* libPods-WeatherGift.a in Frameworks */,
			);
			runOnlyForDeploymentPostprocessing = 0;
		};
/* End PBXFrameworksBuildPhase section */

/* Begin PBXGroup section */
		82549C702414C85E00374BDE = {
			isa = PBXGroup;
			children = (
				82549C7B2414C85E00374BDE /* WeatherGift */,
				82549C7A2414C85E00374BDE /* Products */,
				DF8DF7B90CE8622F91634073 /* Pods */,
				FCFADFA31D073933AC391430 /* Frameworks */,
			);
			sourceTree = "<group>";
		};
		82549C7A2414C85E00374BDE /* Products */ = {
			isa = PBXGroup;
			children = (
				82549C792414C85E00374BDE /* WeatherGift.app */,
			);
			name = Products;
			sourceTree = "<group>";
		};
		82549C7B2414C85E00374BDE /* WeatherGift */ = {
			isa = PBXGroup;
			children = (
				82549C7C2414C85E00374BDE /* AppDelegate.swift */,
				82549C7E2414C85E00374BDE /* SceneDelegate.swift */,
				82549C902414C8A400374BDE /* WeatherLocation.swift */,
				82EB3D7124287FDE0096E078 /* WeatherDetail.swift */,
				82EB3D6F24279B790096E078 /* PageViewController.swift */,
				82EB3D6D242761840096E078 /* LocationDetailViewController.swift */,
				82549C802414C85E00374BDE /* LocationListViewController.swift */,
				82563C73244D5F940059CC86 /* AboutViewController.swift */,
				82DA8D32242CE9E400C3F261 /* DailyTableViewCell.swift */,
				82DA8D34242DCBC700C3F261 /* HourlyCollectionViewCell.swift */,
				822DD83A244D512C009D33D9 /* UIViewController+alert.swift */,
				82549C822414C85E00374BDE /* Main.storyboard */,
				82549C852414C86000374BDE /* Assets.xcassets */,
				82549C872414C86000374BDE /* LaunchScreen.storyboard */,
				82549C8A2414C86000374BDE /* Info.plist */,
				82A2E8BC24238E630050811A /* APIkeys.swift */,
			);
			path = WeatherGift;
			sourceTree = "<group>";
		};
		DF8DF7B90CE8622F91634073 /* Pods */ = {
			isa = PBXGroup;
			children = (
				2DC30DF7936C005F0B8B0FDE /* Pods-WeatherGift.debug.xcconfig */,
				F5BCE6047FE4B5E6C16E2411 /* Pods-WeatherGift.release.xcconfig */,
			);
			path = Pods;
			sourceTree = "<group>";
		};
		FCFADFA31D073933AC391430 /* Frameworks */ = {
			isa = PBXGroup;
			children = (
				7890072C00980D1D95167F30 /* libPods-WeatherGift.a */,
			);
			name = Frameworks;
			sourceTree = "<group>";
		};
/* End PBXGroup section */

/* Begin PBXNativeTarget section */
		82549C782414C85E00374BDE /* WeatherGift */ = {
			isa = PBXNativeTarget;
			buildConfigurationList = 82549C8D2414C86000374BDE /* Build configuration list for PBXNativeTarget "WeatherGift" */;
			buildPhases = (
				48F9379589FC2C3A83542288 /* [CP] Check Pods Manifest.lock */,
				82549C752414C85E00374BDE /* Sources */,
				82549C762414C85E00374BDE /* Frameworks */,
				82549C772414C85E00374BDE /* Resources */,
				B34E549F8FD0A4AB21D33AD1 /* [CP] Copy Pods Resources */,
			);
			buildRules = (
			);
			dependencies = (
			);
			name = WeatherGift;
			productName = WeatherGift;
			productReference = 82549C792414C85E00374BDE /* WeatherGift.app */;
			productType = "com.apple.product-type.application";
		};
/* End PBXNativeTarget section */

/* Begin PBXProject section */
		82549C712414C85E00374BDE /* Project object */ = {
			isa = PBXProject;
			attributes = {
				LastSwiftUpdateCheck = 1130;
				LastUpgradeCheck = 1130;
				ORGANIZATIONNAME = "Heesu Yun";
				TargetAttributes = {
					82549C782414C85E00374BDE = {
						CreatedOnToolsVersion = 11.3.1;
					};
				};
			};
			buildConfigurationList = 82549C742414C85E00374BDE /* Build configuration list for PBXProject "WeatherGift" */;
			compatibilityVersion = "Xcode 9.3";
			developmentRegion = en;
			hasScannedForEncodings = 0;
			knownRegions = (
				en,
				Base,
			);
			mainGroup = 82549C702414C85E00374BDE;
			productRefGroup = 82549C7A2414C85E00374BDE /* Products */;
			projectDirPath = "";
			projectRoot = "";
			targets = (
				82549C782414C85E00374BDE /* WeatherGift */,
			);
		};
/* End PBXProject section */

/* Begin PBXResourcesBuildPhase section */
		82549C772414C85E00374BDE /* Resources */ = {
			isa = PBXResourcesBuildPhase;
			buildActionMask = 2147483647;
			files = (
				82549C892414C86000374BDE /* LaunchScreen.storyboard in Resources */,
				82549C862414C86000374BDE /* Assets.xcassets in Resources */,
				82549C842414C85E00374BDE /* Main.storyboard in Resources */,
			);
			runOnlyForDeploymentPostprocessing = 0;
		};
/* End PBXResourcesBuildPhase section */

/* Begin PBXShellScriptBuildPhase section */
		48F9379589FC2C3A83542288 /* [CP] Check Pods Manifest.lock */ = {
			isa = PBXShellScriptBuildPhase;
			buildActionMask = 2147483647;
			files = (
			);
			inputFileListPaths = (
			);
			inputPaths = (
				"${PODS_PODFILE_DIR_PATH}/Podfile.lock",
				"${PODS_ROOT}/Manifest.lock",
			);
			name = "[CP] Check Pods Manifest.lock";
			outputFileListPaths = (
			);
			outputPaths = (
				"$(DERIVED_FILE_DIR)/Pods-WeatherGift-checkManifestLockResult.txt",
			);
			runOnlyForDeploymentPostprocessing = 0;
			shellPath = /bin/sh;
			shellScript = "diff \"${PODS_PODFILE_DIR_PATH}/Podfile.lock\" \"${PODS_ROOT}/Manifest.lock\" > /dev/null\nif [ $? != 0 ] ; then\n    # print error to STDERR\n    echo \"error: The sandbox is not in sync with the Podfile.lock. Run 'pod install' or update your CocoaPods installation.\" >&2\n    exit 1\nfi\n# This output is used by Xcode 'outputs' to avoid re-running this script phase.\necho \"SUCCESS\" > \"${SCRIPT_OUTPUT_FILE_0}\"\n";
			showEnvVarsInLog = 0;
		};
		B34E549F8FD0A4AB21D33AD1 /* [CP] Copy Pods Resources */ = {
			isa = PBXShellScriptBuildPhase;
			buildActionMask = 2147483647;
			files = (
			);
			inputFileListPaths = (
				"${PODS_ROOT}/Target Support Files/Pods-WeatherGift/Pods-WeatherGift-resources-${CONFIGURATION}-input-files.xcfilelist",
			);
			name = "[CP] Copy Pods Resources";
			outputFileListPaths = (
				"${PODS_ROOT}/Target Support Files/Pods-WeatherGift/Pods-WeatherGift-resources-${CONFIGURATION}-output-files.xcfilelist",
			);
			runOnlyForDeploymentPostprocessing = 0;
			shellPath = /bin/sh;
			shellScript = "\"${PODS_ROOT}/Target Support Files/Pods-WeatherGift/Pods-WeatherGift-resources.sh\"\n";
			showEnvVarsInLog = 0;
		};
/* End PBXShellScriptBuildPhase section */

/* Begin PBXSourcesBuildPhase section */
		82549C752414C85E00374BDE /* Sources */ = {
			isa = PBXSourcesBuildPhase;
			buildActionMask = 2147483647;
			files = (
				82DA8D33242CE9E400C3F261 /* DailyTableViewCell.swift in Sources */,
				82549C812414C85E00374BDE /* LocationListViewController.swift in Sources */,
				82EB3D7224287FDE0096E078 /* WeatherDetail.swift in Sources */,
				82EB3D7024279B790096E078 /* PageViewController.swift in Sources */,
				82549C912414C8A400374BDE /* WeatherLocation.swift in Sources */,
				82A2E8BD24238E630050811A /* APIkeys.swift in Sources */,
				82563C74244D5F940059CC86 /* AboutViewController.swift in Sources */,
				82549C7D2414C85E00374BDE /* AppDelegate.swift in Sources */,
				822DD83B244D512C009D33D9 /* UIViewController+alert.swift in Sources */,
				82EB3D6E242761840096E078 /* LocationDetailViewController.swift in Sources */,
				82549C7F2414C85E00374BDE /* SceneDelegate.swift in Sources */,
				82DA8D35242DCBC700C3F261 /* HourlyCollectionViewCell.swift in Sources */,
			);
			runOnlyForDeploymentPostprocessing = 0;
		};
/* End PBXSourcesBuildPhase section */

/* Begin PBXVariantGroup section */
		82549C822414C85E00374BDE /* Main.storyboard */ = {
			isa = PBXVariantGroup;
			children = (
				82549C832414C85E00374BDE /* Base */,
			);
			name = Main.storyboard;
			sourceTree = "<group>";
		};
		82549C872414C86000374BDE /* LaunchScreen.storyboard */ = {
			isa = PBXVariantGroup;
			children = (
				82549C882414C86000374BDE /* Base */,
			);
			name = LaunchScreen.storyboard;
			sourceTree = "<group>";
		};
/* End PBXVariantGroup section */

/* Begin XCBuildConfiguration section */
		82549C8B2414C86000374BDE /* Debug */ = {
			isa = XCBuildConfiguration;
			buildSettings = {
				ALWAYS_SEARCH_USER_PATHS = NO;
				CLANG_ANALYZER_NONNULL = YES;
				CLANG_ANALYZER_NUMBER_OBJECT_CONVERSION = YES_AGGRESSIVE;
				CLANG_CXX_LANGUAGE_STANDARD = "gnu++14";
				CLANG_CXX_LIBRARY = "libc++";
				CLANG_ENABLE_MODULES = YES;
				CLANG_ENABLE_OBJC_ARC = YES;
				CLANG_ENABLE_OBJC_WEAK = YES;
				CLANG_WARN_BLOCK_CAPTURE_AUTORELEASING = YES;
				CLANG_WARN_BOOL_CONVERSION = YES;
				CLANG_WARN_COMMA = YES;
				CLANG_WARN_CONSTANT_CONVERSION = YES;
				CLANG_WARN_DEPRECATED_OBJC_IMPLEMENTATIONS = YES;
				CLANG_WARN_DIRECT_OBJC_ISA_USAGE = YES_ERROR;
				CLANG_WARN_DOCUMENTATION_COMMENTS = YES;
				CLANG_WARN_EMPTY_BODY = YES;
				CLANG_WARN_ENUM_CONVERSION = YES;
				CLANG_WARN_INFINITE_RECURSION = YES;
				CLANG_WARN_INT_CONVERSION = YES;
				CLANG_WARN_NON_LITERAL_NULL_CONVERSION = YES;
				CLANG_WARN_OBJC_IMPLICIT_RETAIN_SELF = YES;
				CLANG_WARN_OBJC_LITERAL_CONVERSION = YES;
				CLANG_WARN_OBJC_ROOT_CLASS = YES_ERROR;
				CLANG_WARN_RANGE_LOOP_ANALYSIS = YES;
				CLANG_WARN_STRICT_PROTOTYPES = YES;
				CLANG_WARN_SUSPICIOUS_MOVE = YES;
				CLANG_WARN_UNGUARDED_AVAILABILITY = YES_AGGRESSIVE;
				CLANG_WARN_UNREACHABLE_CODE = YES;
				CLANG_WARN__DUPLICATE_METHOD_MATCH = YES;
				COPY_PHASE_STRIP = NO;
				DEBUG_INFORMATION_FORMAT = dwarf;
				ENABLE_STRICT_OBJC_MSGSEND = YES;
				ENABLE_TESTABILITY = YES;
				GCC_C_LANGUAGE_STANDARD = gnu11;
				GCC_DYNAMIC_NO_PIC = NO;
				GCC_NO_COMMON_BLOCKS = YES;
				GCC_OPTIMIZATION_LEVEL = 0;
				GCC_PREPROCESSOR_DEFINITIONS = (
					"DEBUG=1",
					"$(inherited)",
				);
				GCC_WARN_64_TO_32_BIT_CONVERSION = YES;
				GCC_WARN_ABOUT_RETURN_TYPE = YES_ERROR;
				GCC_WARN_UNDECLARED_SELECTOR = YES;
				GCC_WARN_UNINITIALIZED_AUTOS = YES_AGGRESSIVE;
				GCC_WARN_UNUSED_FUNCTION = YES;
				GCC_WARN_UNUSED_VARIABLE = YES;
				IPHONEOS_DEPLOYMENT_TARGET = 13.2;
				MTL_ENABLE_DEBUG_INFO = INCLUDE_SOURCE;
				MTL_FAST_MATH = YES;
				ONLY_ACTIVE_ARCH = YES;
				SDKROOT = iphoneos;
				SWIFT_ACTIVE_COMPILATION_CONDITIONS = DEBUG;
				SWIFT_OPTIMIZATION_LEVEL = "-Onone";
			};
			name = Debug;
		};
		82549C8C2414C86000374BDE /* Release */ = {
			isa = XCBuildConfiguration;
			buildSettings = {
				ALWAYS_SEARCH_USER_PATHS = NO;
				CLANG_ANALYZER_NONNULL = YES;
				CLANG_ANALYZER_NUMBER_OBJECT_CONVERSION = YES_AGGRESSIVE;
				CLANG_CXX_LANGUAGE_STANDARD = "gnu++14";
				CLANG_CXX_LIBRARY = "libc++";
				CLANG_ENABLE_MODULES = YES;
				CLANG_ENABLE_OBJC_ARC = YES;
				CLANG_ENABLE_OBJC_WEAK = YES;
				CLANG_WARN_BLOCK_CAPTURE_AUTORELEASING = YES;
				CLANG_WARN_BOOL_CONVERSION = YES;
				CLANG_WARN_COMMA = YES;
				CLANG_WARN_CONSTANT_CONVERSION = YES;
				CLANG_WARN_DEPRECATED_OBJC_IMPLEMENTATIONS = YES;
				CLANG_WARN_DIRECT_OBJC_ISA_USAGE = YES_ERROR;
				CLANG_WARN_DOCUMENTATION_COMMENTS = YES;
				CLANG_WARN_EMPTY_BODY = YES;
				CLANG_WARN_ENUM_CONVERSION = YES;
				CLANG_WARN_INFINITE_RECURSION = YES;
				CLANG_WARN_INT_CONVERSION = YES;
				CLANG_WARN_NON_LITERAL_NULL_CONVERSION = YES;
				CLANG_WARN_OBJC_IMPLICIT_RETAIN_SELF = YES;
				CLANG_WARN_OBJC_LITERAL_CONVERSION = YES;
				CLANG_WARN_OBJC_ROOT_CLASS = YES_ERROR;
				CLANG_WARN_RANGE_LOOP_ANALYSIS = YES;
				CLANG_WARN_STRICT_PROTOTYPES = YES;
				CLANG_WARN_SUSPICIOUS_MOVE = YES;
				CLANG_WARN_UNGUARDED_AVAILABILITY = YES_AGGRESSIVE;
				CLANG_WARN_UNREACHABLE_CODE = YES;
				CLANG_WARN__DUPLICATE_METHOD_MATCH = YES;
				COPY_PHASE_STRIP = NO;
				DEBUG_INFORMATION_FORMAT = "dwarf-with-dsym";
				ENABLE_NS_ASSERTIONS = NO;
				ENABLE_STRICT_OBJC_MSGSEND = YES;
				GCC_C_LANGUAGE_STANDARD = gnu11;
				GCC_NO_COMMON_BLOCKS = YES;
				GCC_WARN_64_TO_32_BIT_CONVERSION = YES;
				GCC_WARN_ABOUT_RETURN_TYPE = YES_ERROR;
				GCC_WARN_UNDECLARED_SELECTOR = YES;
				GCC_WARN_UNINITIALIZED_AUTOS = YES_AGGRESSIVE;
				GCC_WARN_UNUSED_FUNCTION = YES;
				GCC_WARN_UNUSED_VARIABLE = YES;
				IPHONEOS_DEPLOYMENT_TARGET = 13.2;
				MTL_ENABLE_DEBUG_INFO = NO;
				MTL_FAST_MATH = YES;
				SDKROOT = iphoneos;
				SWIFT_COMPILATION_MODE = wholemodule;
				SWIFT_OPTIMIZATION_LEVEL = "-O";
				VALIDATE_PRODUCT = YES;
			};
			name = Release;
		};
		82549C8E2414C86000374BDE /* Debug */ = {
			isa = XCBuildConfiguration;
			baseConfigurationReference = 2DC30DF7936C005F0B8B0FDE /* Pods-WeatherGift.debug.xcconfig */;
			buildSettings = {
				ASSETCATALOG_COMPILER_APPICON_NAME = AppIcon;
				CODE_SIGN_STYLE = Automatic;
				DEVELOPMENT_TEAM = 4Q83M3A79S;
				INFOPLIST_FILE = WeatherGift/Info.plist;
				LD_RUNPATH_SEARCH_PATHS = (
					"$(inherited)",
					"@executable_path/Frameworks",
				);
				PRODUCT_BUNDLE_IDENTIFIER = com.yun.WeatherGift;
				PRODUCT_NAME = "$(TARGET_NAME)";
				SWIFT_VERSION = 5.0;
				TARGETED_DEVICE_FAMILY = "1,2";
			};
			name = Debug;
		};
		82549C8F2414C86000374BDE /* Release */ = {
			isa = XCBuildConfiguration;
			baseConfigurationReference = F5BCE6047FE4B5E6C16E2411 /* Pods-WeatherGift.release.xcconfig */;
			buildSettings = {
				ASSETCATALOG_COMPILER_APPICON_NAME = AppIcon;
				CODE_SIGN_STYLE = Automatic;
				DEVELOPMENT_TEAM = 4Q83M3A79S;
				INFOPLIST_FILE = WeatherGift/Info.plist;
				LD_RUNPATH_SEARCH_PATHS = (
					"$(inherited)",
					"@executable_path/Frameworks",
				);
				PRODUCT_BUNDLE_IDENTIFIER = com.yun.WeatherGift;
				PRODUCT_NAME = "$(TARGET_NAME)";
				SWIFT_VERSION = 5.0;
				TARGETED_DEVICE_FAMILY = "1,2";
			};
			name = Release;
		};
/* End XCBuildConfiguration section */

/* Begin XCConfigurationList section */
		82549C742414C85E00374BDE /* Build configuration list for PBXProject "WeatherGift" */ = {
			isa = XCConfigurationList;
			buildConfigurations = (
				82549C8B2414C86000374BDE /* Debug */,
				82549C8C2414C86000374BDE /* Release */,
			);
			defaultConfigurationIsVisible = 0;
			defaultConfigurationName = Release;
		};
		82549C8D2414C86000374BDE /* Build configuration list for PBXNativeTarget "WeatherGift" */ = {
			isa = XCConfigurationList;
			buildConfigurations = (
				82549C8E2414C86000374BDE /* Debug */,
				82549C8F2414C86000374BDE /* Release */,
			);
			defaultConfigurationIsVisible = 0;
			defaultConfigurationName = Release;
		};
/* End XCConfigurationList section */
	};
	rootObject = 82549C712414C85E00374BDE /* Project object */;
}
